<?xml version="1.0" encoding="UTF-8" standalone="yes" ?>
<CodeBlocks_project_file>
	<FileVersion major="1" minor="6" />
	<Project>
		<Option title="EnteiReaderLinux" />
		<Option pch_mode="2" />
		<Option compiler="gcc" />
		<Build>
			<Target title="Debug">
				<Option output="bin/Debug/EnteiReaderLinux" prefix_auto="1" extension_auto="1" />
				<Option object_output="obj/Debug/" />
				<Option type="1" />
				<Option compiler="gcc" />
				<Compiler>
					<Add option="-g" />
				</Compiler>
				<Linker>
					<Add library="ncurses" />
				</Linker>
			</Target>
			<Target title="Release">
				<Option output="bin/Release/EnteiReaderLinux" prefix_auto="1" extension_auto="1" />
				<Option object_output="obj/Release/" />
				<Option type="1" />
				<Option compiler="gcc" />
				<Compiler>
					<Add option="-O2" />
				</Compiler>
				<Linker>
					<Add option="-s" />
				</Linker>
			</Target>
		</Build>
		<Compiler>
			<Add option="-Wall" />
		</Compiler>
		<Unit filename="7za" />
		<Unit filename="LibScreen.cpp" />
		<Unit filename="LibScreen.h" />
		<Unit filename="ReadScreen.cpp" />
		<Unit filename="ReadScreen.h" />
		<Unit filename="SearchScreen.cpp" />
		<Unit filename="SearchScreen.h" />
		<Unit filename="Vigil.cpp" />
		<Unit filename="Vigil.h" />
		<Unit filename="flightcrew-cli" />
		<Unit filename="main.cpp" />
		<Unit filename="stdafx.h" />
		<Extensions>
			<code_completion />
			<debugger />
		</Extensions>
	</Project>
</CodeBlocks_project_file>
